
Microsoft Visual Studio Solution File, Format Version 12.00
# Visual Studio Version 16
VisualStudioVersion = 16.0.31313.79
MinimumVisualStudioVersion = 10.0.40219.1
Project("{9A19103F-16F7-4668-BE54-9A1E7A4F7556}") = "FullStackCodeTest-v21.07", "FullStackCodeTest-v21.07\FullStackCodeTest-v21.07.csproj", "{27448A03-0F80-4C8A-8CD7-15FABD294466}"
EndProject
Project("{9A19103F-16F7-4668-BE54-9A1E7A4F7556}") = "FullStackCodeTest.BLL", "FullStackCodeTest.BLL\FullStackCodeTest.BLL.csproj", "{2E3E4E86-6B5E-4E2C-90D3-435157BCA9C8}"
EndProject
Project("{9A19103F-16F7-4668-BE54-9A1E7A4F7556}") = "FullStackCodeTest.Data", "FullStackCodeTest.Data\FullStackCodeTest.Data.csproj", "{66AC305F-51B6-42EA-8BE3-F2C5C11AF485}"
EndProject
Project("{FAE04EC0-301F-11D3-BF4B-00C04F79EFBC}") = "FullStackCodeTest.BLL.UnitTests", "FullStackCodeTest.BLL.UnitTests\FullStackCodeTest.BLL.UnitTests.csproj", "{D89B750C-89BB-4A89-BBAA-E00C6DF85BCD}"
EndProject
Global
	GlobalSection(SolutionConfigurationPlatforms) = preSolution
		Debug|Any CPU = Debug|Any CPU
		Release|Any CPU = Release|Any CPU
	EndGlobalSection
	GlobalSection(ProjectConfigurationPlatforms) = postSolution
		{27448A03-0F80-4C8A-8CD7-15FABD294466}.Debug|Any CPU.ActiveCfg = Debug|Any CPU
		{27448A03-0F80-4C8A-8CD7-15FABD294466}.Debug|Any CPU.Build.0 = Debug|Any CPU
		{27448A03-0F80-4C8A-8CD7-15FABD294466}.Release|Any CPU.ActiveCfg = Release|Any CPU
		{27448A03-0F80-4C8A-8CD7-15FABD294466}.Release|Any CPU.Build.0 = Release|Any CPU
		{2E3E4E86-6B5E-4E2C-90D3-435157BCA9C8}.Debug|Any CPU.ActiveCfg = Debug|Any CPU
		{2E3E4E86-6B5E-4E2C-90D3-435157BCA9C8}.Debug|Any CPU.Build.0 = Debug|Any CPU
		{2E3E4E86-6B5E-4E2C-90D3-435157BCA9C8}.Release|Any CPU.ActiveCfg = Release|Any CPU
		{2E3E4E86-6B5E-4E2C-90D3-435157BCA9C8}.Release|Any CPU.Build.0 = Release|Any CPU
		{66AC305F-51B6-42EA-8BE3-F2C5C11AF485}.Debug|Any CPU.ActiveCfg = Debug|Any CPU
		{66AC305F-51B6-42EA-8BE3-F2C5C11AF485}.Debug|Any CPU.Build.0 = Debug|Any CPU
		{66AC305F-51B6-42EA-8BE3-F2C5C11AF485}.Release|Any CPU.ActiveCfg = Release|Any CPU
		{66AC305F-51B6-42EA-8BE3-F2C5C11AF485}.Release|Any CPU.Build.0 = Release|Any CPU
		{D89B750C-89BB-4A89-BBAA-E00C6DF85BCD}.Debug|Any CPU.ActiveCfg = Debug|Any CPU
		{D89B750C-89BB-4A89-BBAA-E00C6DF85BCD}.Debug|Any CPU.Build.0 = Debug|Any CPU
		{D89B750C-89BB-4A89-BBAA-E00C6DF85BCD}.Release|Any CPU.ActiveCfg = Release|Any CPU
		{D89B750C-89BB-4A89-BBAA-E00C6DF85BCD}.Release|Any CPU.Build.0 = Release|Any CPU
	EndGlobalSection
	GlobalSection(SolutionProperties) = preSolution
		HideSolutionNode = FALSE
	EndGlobalSection
	GlobalSection(ExtensibilityGlobals) = postSolution
		SolutionGuid = {00603FA6-3E8F-4502-98B3-EB3697FEF2DA}
	EndGlobalSection
EndGlobal
